
Microsoft Visual Studio Solution File, Format Version 12.00
# Visual Studio 14
VisualStudioVersion = 14.0.25420.1
MinimumVisualStudioVersion = 10.0.40219.1
Project("{FAE04EC0-301F-11D3-BF4B-00C04F79EFBC}") = "BE", "BE\BE.csproj", "{741BDA2B-BEAE-4BE3-8DE3-63BA2A4FCDC6}"
EndProject
Project("{FAE04EC0-301F-11D3-BF4B-00C04F79EFBC}") = "DAL", "DAL\DAL.csproj", "{5AEFC2B5-04E5-46CA-837C-E7FAE2C80682}"
EndProject
Project("{FAE04EC0-301F-11D3-BF4B-00C04F79EFBC}") = "DS", "DS\DS.csproj", "{8BD494D2-D80C-4008-B2A7-7B39863D439D}"
EndProject
Project("{FAE04EC0-301F-11D3-BF4B-00C04F79EFBC}") = "BL", "BL\BL.csproj", "{7E62223C-961E-4013-A3FA-72A26631723C}"
EndProject
Global
	GlobalSection(SolutionConfigurationPlatforms) = preSolution
		Debug|Any CPU = Debug|Any CPU
		Release|Any CPU = Release|Any CPU
	EndGlobalSection
	GlobalSection(ProjectConfigurationPlatforms) = postSolution
		{741BDA2B-BEAE-4BE3-8DE3-63BA2A4FCDC6}.Debug|Any CPU.ActiveCfg = Debug|Any CPU
		{741BDA2B-BEAE-4BE3-8DE3-63BA2A4FCDC6}.Debug|Any CPU.Build.0 = Debug|Any CPU
		{741BDA2B-BEAE-4BE3-8DE3-63BA2A4FCDC6}.Release|Any CPU.ActiveCfg = Release|Any CPU
		{741BDA2B-BEAE-4BE3-8DE3-63BA2A4FCDC6}.Release|Any CPU.Build.0 = Release|Any CPU
		{5AEFC2B5-04E5-46CA-837C-E7FAE2C80682}.Debug|Any CPU.ActiveCfg = Debug|Any CPU
		{5AEFC2B5-04E5-46CA-837C-E7FAE2C80682}.Debug|Any CPU.Build.0 = Debug|Any CPU
		{5AEFC2B5-04E5-46CA-837C-E7FAE2C80682}.Release|Any CPU.ActiveCfg = Release|Any CPU
		{5AEFC2B5-04E5-46CA-837C-E7FAE2C80682}.Release|Any CPU.Build.0 = Release|Any CPU
		{8BD494D2-D80C-4008-B2A7-7B39863D439D}.Debug|Any CPU.ActiveCfg = Debug|Any CPU
		{8BD494D2-D80C-4008-B2A7-7B39863D439D}.Debug|Any CPU.Build.0 = Debug|Any CPU
		{8BD494D2-D80C-4008-B2A7-7B39863D439D}.Release|Any CPU.ActiveCfg = Release|Any CPU
		{8BD494D2-D80C-4008-B2A7-7B39863D439D}.Release|Any CPU.Build.0 = Release|Any CPU
		{7E62223C-961E-4013-A3FA-72A26631723C}.Debug|Any CPU.ActiveCfg = Debug|Any CPU
		{7E62223C-961E-4013-A3FA-72A26631723C}.Debug|Any CPU.Build.0 = Debug|Any CPU
		{7E62223C-961E-4013-A3FA-72A26631723C}.Release|Any CPU.ActiveCfg = Release|Any CPU
		{7E62223C-961E-4013-A3FA-72A26631723C}.Release|Any CPU.Build.0 = Release|Any CPU
	EndGlobalSection
	GlobalSection(SolutionProperties) = preSolution
		HideSolutionNode = FALSE
	EndGlobalSection
EndGlobal
